
Microsoft Visual Studio Solution File, Format Version 12.00
Project("{FAE04EC0-301F-11D3-BF4B-00C04F79EFBC}") = "CoinTricks", "CoinTricks\CoinTricks.csproj", "{069BC560-1854-4E0D-8383-F9C3AA1334AD}"
EndProject
Project("{FAE04EC0-301F-11D3-BF4B-00C04F79EFBC}") = "Speedrun", "Speedrun\Speedrun.csproj", "{A7467D7B-0A31-4835-8512-13B12809F3AB}"
EndProject
Global
	GlobalSection(SolutionConfigurationPlatforms) = preSolution
		Debug|Any CPU = Debug|Any CPU
		Release|Any CPU = Release|Any CPU
	EndGlobalSection
	GlobalSection(ProjectConfigurationPlatforms) = postSolution
		{A7467D7B-0A31-4835-8512-13B12809F3AB}.Debug|Any CPU.ActiveCfg = Debug|Any CPU
		{A7467D7B-0A31-4835-8512-13B12809F3AB}.Debug|Any CPU.Build.0 = Debug|Any CPU
		{A7467D7B-0A31-4835-8512-13B12809F3AB}.Release|Any CPU.ActiveCfg = Release|Any CPU
		{A7467D7B-0A31-4835-8512-13B12809F3AB}.Release|Any CPU.Build.0 = Release|Any CPU
	EndGlobalSection
EndGlobal
